
Microsoft Visual Studio Solution File, Format Version 12.00
# Visual Studio Version 16
VisualStudioVersion = 16.0.29009.5
MinimumVisualStudioVersion = 10.0.40219.1
Project("{9A19103F-16F7-4668-BE54-9A1E7A4F7556}") = "LinkedListDemo", "LinkedListDemo\LinkedListDemo.csproj", "{E628ACE1-85A8-4040-AA6E-E428BB520823}"
EndProject
Global
	GlobalSection(SolutionConfigurationPlatforms) = preSolution
		Debug|Any CPU = Debug|Any CPU
		Release|Any CPU = Release|Any CPU
	EndGlobalSection
	GlobalSection(ProjectConfigurationPlatforms) = postSolution
		{E628ACE1-85A8-4040-AA6E-E428BB520823}.Debug|Any CPU.ActiveCfg = Debug|Any CPU
		{E628ACE1-85A8-4040-AA6E-E428BB520823}.Debug|Any CPU.Build.0 = Debug|Any CPU
		{E628ACE1-85A8-4040-AA6E-E428BB520823}.Release|Any CPU.ActiveCfg = Release|Any CPU
		{E628ACE1-85A8-4040-AA6E-E428BB520823}.Release|Any CPU.Build.0 = Release|Any CPU
	EndGlobalSection
	GlobalSection(SolutionProperties) = preSolution
		HideSolutionNode = FALSE
	EndGlobalSection
	GlobalSection(ExtensibilityGlobals) = postSolution
		SolutionGuid = {212C47C8-9AFB-4F82-982D-5ABA844ADBB2}
	EndGlobalSection
EndGlobal
